Microsoft Visual Studio Solution File, Format Version 12.00
# Visual Studio Version 17
VisualStudioVersion = 17.5.2.0
MinimumVisualStudioVersion = 10.0.40219.1
Project("{FAE04EC0-301F-11D3-BF4B-00C04F79EFBC}") = "devsu", "devsu.csproj", "{680E088D-3E0E-6DA2-3FD4-0DDC4C5EA967}"
EndProject
Project("{FAE04EC0-301F-11D3-BF4B-00C04F79EFBC}") = "Tests", "Tests\Tests.csproj", "{53690514-0DF9-454E-B608-F0641C65C0CF}"
EndProject
Global
	GlobalSection(SolutionConfigurationPlatforms) = preSolution
		Debug|Any CPU = Debug|Any CPU
		Release|Any CPU = Release|Any CPU
	EndGlobalSection
	GlobalSection(ProjectConfigurationPlatforms) = postSolution
		{680E088D-3E0E-6DA2-3FD4-0DDC4C5EA967}.Debug|Any CPU.ActiveCfg = Debug|Any CPU
		{680E088D-3E0E-6DA2-3FD4-0DDC4C5EA967}.Debug|Any CPU.Build.0 = Debug|Any CPU
		{680E088D-3E0E-6DA2-3FD4-0DDC4C5EA967}.Release|Any CPU.ActiveCfg = Release|Any CPU
		{680E088D-3E0E-6DA2-3FD4-0DDC4C5EA967}.Release|Any CPU.Build.0 = Release|Any CPU
		{53690514-0DF9-454E-B608-F0641C65C0CF}.Debug|Any CPU.ActiveCfg = Debug|Any CPU
		{53690514-0DF9-454E-B608-F0641C65C0CF}.Debug|Any CPU.Build.0 = Debug|Any CPU
		{53690514-0DF9-454E-B608-F0641C65C0CF}.Release|Any CPU.ActiveCfg = Release|Any CPU
		{53690514-0DF9-454E-B608-F0641C65C0CF}.Release|Any CPU.Build.0 = Release|Any CPU
	EndGlobalSection
	GlobalSection(SolutionProperties) = preSolution
		HideSolutionNode = FALSE
	EndGlobalSection
	GlobalSection(ExtensibilityGlobals) = postSolution
		SolutionGuid = {F4A513E3-39B7-4592-AB9B-8851F71F7C54}
	EndGlobalSection
EndGlobal
